
Microsoft Visual Studio Solution File, Format Version 12.00
# Visual Studio 15
VisualStudioVersion = 15.0.27004.2009
MinimumVisualStudioVersion = 10.0.40219.1
Project("{FAE04EC0-301F-11D3-BF4B-00C04F79EFBC}") = "Seq.App.Slack", "src\Seq.App.Slack\Seq.App.Slack.csproj", "{80C336AB-5408-45E5-9D41-850CDF0DAD46}"
EndProject
Project("{2150E333-8FDC-42A3-9474-1A3956D46DE8}") = "build", "build", "{225F20AD-89E9-45F9-9249-ECB09E31A885}"
	ProjectSection(SolutionItems) = preProject
		appveyor.yml = appveyor.yml
		README.md = README.md
		Build.ps1 = Build.ps1
	EndProjectSection
EndProject
Project("{9A19103F-16F7-4668-BE54-9A1E7A4F7556}") = "Seq.App.Slack.Tests", "test\Seq.App.Slack.Tests\Seq.App.Slack.Tests.csproj", "{143E44C0-C8B0-473D-9522-B31BCAA81A80}"
EndProject
Global
	GlobalSection(SolutionConfigurationPlatforms) = preSolution
		Debug|Any CPU = Debug|Any CPU
		Release|Any CPU = Release|Any CPU
	EndGlobalSection
	GlobalSection(ProjectConfigurationPlatforms) = postSolution
		{80C336AB-5408-45E5-9D41-850CDF0DAD46}.Debug|Any CPU.ActiveCfg = Debug|Any CPU
		{80C336AB-5408-45E5-9D41-850CDF0DAD46}.Debug|Any CPU.Build.0 = Debug|Any CPU
		{80C336AB-5408-45E5-9D41-850CDF0DAD46}.Release|Any CPU.ActiveCfg = Release|Any CPU
		{80C336AB-5408-45E5-9D41-850CDF0DAD46}.Release|Any CPU.Build.0 = Release|Any CPU
		{143E44C0-C8B0-473D-9522-B31BCAA81A80}.Debug|Any CPU.ActiveCfg = Debug|Any CPU
		{143E44C0-C8B0-473D-9522-B31BCAA81A80}.Debug|Any CPU.Build.0 = Debug|Any CPU
		{143E44C0-C8B0-473D-9522-B31BCAA81A80}.Release|Any CPU.ActiveCfg = Release|Any CPU
		{143E44C0-C8B0-473D-9522-B31BCAA81A80}.Release|Any CPU.Build.0 = Release|Any CPU
	EndGlobalSection
	GlobalSection(SolutionProperties) = preSolution
		HideSolutionNode = FALSE
	EndGlobalSection
	GlobalSection(ExtensibilityGlobals) = postSolution
		SolutionGuid = {E61C3387-2CD9-45BB-A043-CD71994AE12F}
	EndGlobalSection
EndGlobal
